
Microsoft Visual Studio Solution File, Format Version 12.00
# Visual Studio Version 16
VisualStudioVersion = 16.0.31205.134
MinimumVisualStudioVersion = 10.0.40219.1
Project("{9A19103F-16F7-4668-BE54-9A1E7A4F7556}") = "SpellChecker.Demo", "SpellChecker.Console\SpellChecker.Demo.csproj", "{82E428AC-9EBC-41F1-82AC-64619F822ABC}"
EndProject
Project("{FAE04EC0-301F-11D3-BF4B-00C04F79EFBC}") = "SpellChecker", "SpellChecker\SpellChecker.csproj", "{4246916A-9E3E-471E-83B8-C995ED73E115}"
EndProject
Project("{FAE04EC0-301F-11D3-BF4B-00C04F79EFBC}") = "SpellChecker.UnitTests", "SpellChecker.UnitTests\SpellChecker.UnitTests.csproj", "{B831E072-9E9D-4A20-9F9B-3253BA603F36}"
EndProject
Global
	GlobalSection(SolutionConfigurationPlatforms) = preSolution
		Debug|Any CPU = Debug|Any CPU
		Release|Any CPU = Release|Any CPU
	EndGlobalSection
	GlobalSection(ProjectConfigurationPlatforms) = postSolution
		{82E428AC-9EBC-41F1-82AC-64619F822ABC}.Debug|Any CPU.ActiveCfg = Debug|Any CPU
		{82E428AC-9EBC-41F1-82AC-64619F822ABC}.Debug|Any CPU.Build.0 = Debug|Any CPU
		{82E428AC-9EBC-41F1-82AC-64619F822ABC}.Release|Any CPU.ActiveCfg = Release|Any CPU
		{82E428AC-9EBC-41F1-82AC-64619F822ABC}.Release|Any CPU.Build.0 = Release|Any CPU
		{4246916A-9E3E-471E-83B8-C995ED73E115}.Debug|Any CPU.ActiveCfg = Debug|Any CPU
		{4246916A-9E3E-471E-83B8-C995ED73E115}.Debug|Any CPU.Build.0 = Debug|Any CPU
		{4246916A-9E3E-471E-83B8-C995ED73E115}.Release|Any CPU.ActiveCfg = Release|Any CPU
		{4246916A-9E3E-471E-83B8-C995ED73E115}.Release|Any CPU.Build.0 = Release|Any CPU
		{B831E072-9E9D-4A20-9F9B-3253BA603F36}.Debug|Any CPU.ActiveCfg = Debug|Any CPU
		{B831E072-9E9D-4A20-9F9B-3253BA603F36}.Debug|Any CPU.Build.0 = Debug|Any CPU
		{B831E072-9E9D-4A20-9F9B-3253BA603F36}.Release|Any CPU.ActiveCfg = Release|Any CPU
		{B831E072-9E9D-4A20-9F9B-3253BA603F36}.Release|Any CPU.Build.0 = Release|Any CPU
	EndGlobalSection
	GlobalSection(SolutionProperties) = preSolution
		HideSolutionNode = FALSE
	EndGlobalSection
	GlobalSection(ExtensibilityGlobals) = postSolution
		SolutionGuid = {E4C4593E-1FC2-404E-9357-B6020E864E40}
	EndGlobalSection
EndGlobal
